
Microsoft Visual Studio Solution File, Format Version 12.00
# Visual Studio 15
VisualStudioVersion = 15.0.35026.233
MinimumVisualStudioVersion = 10.0.40219.1
Project("{FAE04EC0-301F-11D3-BF4B-00C04F79EFBC}") = "CapaPresentacionAdmin", "CarritoCompraG1\CapaPresentacionAdmin.csproj", "{89B2A173-B9E5-48D6-BB39-7465CD93DCD8}"
EndProject
Project("{FAE04EC0-301F-11D3-BF4B-00C04F79EFBC}") = "CapaPresentacionTienda", "CapaPresentacionTienda\CapaPresentacionTienda.csproj", "{BE9BDBDB-628A-4534-AB12-B665904B9959}"
EndProject
Project("{FAE04EC0-301F-11D3-BF4B-00C04F79EFBC}") = "CapaDatos", "CapaDatos\CapaDatos.csproj", "{1D379622-E7FE-4249-8B51-86E853563C13}"
EndProject
Project("{FAE04EC0-301F-11D3-BF4B-00C04F79EFBC}") = "CapaEntidad", "CapaEntidad\CapaEntidad.csproj", "{D59868AC-8778-44D7-BA13-478FB403647F}"
EndProject
Project("{FAE04EC0-301F-11D3-BF4B-00C04F79EFBC}") = "CapaNegocio", "CapaNegocio\CapaNegocio.csproj", "{AF2AC66B-556D-4C8F-8C6C-9626606B48F6}"
EndProject
Global
	GlobalSection(SolutionConfigurationPlatforms) = preSolution
		Debug|Any CPU = Debug|Any CPU
		Release|Any CPU = Release|Any CPU
	EndGlobalSection
	GlobalSection(ProjectConfigurationPlatforms) = postSolution
		{89B2A173-B9E5-48D6-BB39-7465CD93DCD8}.Debug|Any CPU.ActiveCfg = Debug|Any CPU
		{89B2A173-B9E5-48D6-BB39-7465CD93DCD8}.Debug|Any CPU.Build.0 = Debug|Any CPU
		{89B2A173-B9E5-48D6-BB39-7465CD93DCD8}.Release|Any CPU.ActiveCfg = Release|Any CPU
		{89B2A173-B9E5-48D6-BB39-7465CD93DCD8}.Release|Any CPU.Build.0 = Release|Any CPU
		{BE9BDBDB-628A-4534-AB12-B665904B9959}.Debug|Any CPU.ActiveCfg = Debug|Any CPU
		{BE9BDBDB-628A-4534-AB12-B665904B9959}.Debug|Any CPU.Build.0 = Debug|Any CPU
		{BE9BDBDB-628A-4534-AB12-B665904B9959}.Release|Any CPU.ActiveCfg = Release|Any CPU
		{BE9BDBDB-628A-4534-AB12-B665904B9959}.Release|Any CPU.Build.0 = Release|Any CPU
		{1D379622-E7FE-4249-8B51-86E853563C13}.Debug|Any CPU.ActiveCfg = Debug|Any CPU
		{1D379622-E7FE-4249-8B51-86E853563C13}.Debug|Any CPU.Build.0 = Debug|Any CPU
		{1D379622-E7FE-4249-8B51-86E853563C13}.Release|Any CPU.ActiveCfg = Release|Any CPU
		{1D379622-E7FE-4249-8B51-86E853563C13}.Release|Any CPU.Build.0 = Release|Any CPU
		{D59868AC-8778-44D7-BA13-478FB403647F}.Debug|Any CPU.ActiveCfg = Debug|Any CPU
		{D59868AC-8778-44D7-BA13-478FB403647F}.Debug|Any CPU.Build.0 = Debug|Any CPU
		{D59868AC-8778-44D7-BA13-478FB403647F}.Release|Any CPU.ActiveCfg = Release|Any CPU
		{D59868AC-8778-44D7-BA13-478FB403647F}.Release|Any CPU.Build.0 = Release|Any CPU
		{AF2AC66B-556D-4C8F-8C6C-9626606B48F6}.Debug|Any CPU.ActiveCfg = Debug|Any CPU
		{AF2AC66B-556D-4C8F-8C6C-9626606B48F6}.Debug|Any CPU.Build.0 = Debug|Any CPU
		{AF2AC66B-556D-4C8F-8C6C-9626606B48F6}.Release|Any CPU.ActiveCfg = Release|Any CPU
		{AF2AC66B-556D-4C8F-8C6C-9626606B48F6}.Release|Any CPU.Build.0 = Release|Any CPU
	EndGlobalSection
	GlobalSection(SolutionProperties) = preSolution
		HideSolutionNode = FALSE
	EndGlobalSection
	GlobalSection(ExtensibilityGlobals) = postSolution
		SolutionGuid = {DD66AB53-366F-47B2-9565-FC8D8B1EECE7}
	EndGlobalSection
EndGlobal
